
Microsoft Visual Studio Solution File, Format Version 12.00
# Visual Studio Version 17
VisualStudioVersion = 17.0.31919.166
MinimumVisualStudioVersion = 10.0.40219.1
Project("{9A19103F-16F7-4668-BE54-9A1E7A4F7556}") = "BilletDeConcert", "BilletDeConcert\BilletDeConcert.csproj", "{F1EBEB78-6C09-4710-8463-4835AF1B933E}"
EndProject
Global
	GlobalSection(SolutionConfigurationPlatforms) = preSolution
		Debug|Any CPU = Debug|Any CPU
		Release|Any CPU = Release|Any CPU
	EndGlobalSection
	GlobalSection(ProjectConfigurationPlatforms) = postSolution
		{F1EBEB78-6C09-4710-8463-4835AF1B933E}.Debug|Any CPU.ActiveCfg = Debug|Any CPU
		{F1EBEB78-6C09-4710-8463-4835AF1B933E}.Debug|Any CPU.Build.0 = Debug|Any CPU
		{F1EBEB78-6C09-4710-8463-4835AF1B933E}.Release|Any CPU.ActiveCfg = Release|Any CPU
		{F1EBEB78-6C09-4710-8463-4835AF1B933E}.Release|Any CPU.Build.0 = Release|Any CPU
	EndGlobalSection
	GlobalSection(SolutionProperties) = preSolution
		HideSolutionNode = FALSE
	EndGlobalSection
	GlobalSection(ExtensibilityGlobals) = postSolution
		SolutionGuid = {181D40FE-F31A-4614-8591-DB14CFB8A883}
	EndGlobalSection
EndGlobal
